
Microsoft Visual Studio Solution File, Format Version 12.00
# Visual Studio Version 17
VisualStudioVersion = 17.1.32228.430
MinimumVisualStudioVersion = 10.0.40219.1
Project("{FAE04EC0-301F-11D3-BF4B-00C04F79EFBC}") = "Heroes_of_the_worm", "Heroes_of_the_worm\Heroes_of_the_worm.csproj", "{2811616D-14F9-40DE-8B14-250A389DABF8}"
EndProject
Global
	GlobalSection(SolutionConfigurationPlatforms) = preSolution
		Debug|Any CPU = Debug|Any CPU
		Release|Any CPU = Release|Any CPU
	EndGlobalSection
	GlobalSection(ProjectConfigurationPlatforms) = postSolution
		{2811616D-14F9-40DE-8B14-250A389DABF8}.Debug|Any CPU.ActiveCfg = Debug|Any CPU
		{2811616D-14F9-40DE-8B14-250A389DABF8}.Debug|Any CPU.Build.0 = Debug|Any CPU
		{2811616D-14F9-40DE-8B14-250A389DABF8}.Release|Any CPU.ActiveCfg = Release|Any CPU
		{2811616D-14F9-40DE-8B14-250A389DABF8}.Release|Any CPU.Build.0 = Release|Any CPU
	EndGlobalSection
	GlobalSection(SolutionProperties) = preSolution
		HideSolutionNode = FALSE
	EndGlobalSection
	GlobalSection(ExtensibilityGlobals) = postSolution
		SolutionGuid = {907ECFB3-64C7-44D6-9F3E-05AFC1200D63}
	EndGlobalSection
EndGlobal
