
Microsoft Visual Studio Solution File, Format Version 12.00
# Visual Studio Version 17
VisualStudioVersion = 17.1.32228.430
MinimumVisualStudioVersion = 10.0.40219.1
Project("{FAE04EC0-301F-11D3-BF4B-00C04F79EFBC}") = "LoadingSimulator", "LoadingSimulator\LoadingSimulator.csproj", "{1CBFCC8A-7C1D-463F-B660-E480362F863B}"
EndProject
Global
	GlobalSection(SolutionConfigurationPlatforms) = preSolution
		Debug|Any CPU = Debug|Any CPU
		Release|Any CPU = Release|Any CPU
	EndGlobalSection
	GlobalSection(ProjectConfigurationPlatforms) = postSolution
		{1CBFCC8A-7C1D-463F-B660-E480362F863B}.Debug|Any CPU.ActiveCfg = Debug|Any CPU
		{1CBFCC8A-7C1D-463F-B660-E480362F863B}.Debug|Any CPU.Build.0 = Debug|Any CPU
		{1CBFCC8A-7C1D-463F-B660-E480362F863B}.Release|Any CPU.ActiveCfg = Release|Any CPU
		{1CBFCC8A-7C1D-463F-B660-E480362F863B}.Release|Any CPU.Build.0 = Release|Any CPU
	EndGlobalSection
	GlobalSection(SolutionProperties) = preSolution
		HideSolutionNode = FALSE
	EndGlobalSection
	GlobalSection(ExtensibilityGlobals) = postSolution
		SolutionGuid = {B5FFA7B7-8FCA-47D0-A537-B9787ACE8BE5}
	EndGlobalSection
EndGlobal
